
Microsoft Visual Studio Solution File, Format Version 12.00
Project("{FAE04EC0-301F-11D3-BF4B-00C04F79EFBC}") = "TestGame", "TestGame\TestGame.csproj", "{C5F5368C-9BF4-4607-AE2A-B306EF1EC473}"
EndProject
Global
	GlobalSection(SolutionConfigurationPlatforms) = preSolution
		Debug|Any CPU = Debug|Any CPU
		Release|Any CPU = Release|Any CPU
	EndGlobalSection
	GlobalSection(ProjectConfigurationPlatforms) = postSolution
		{C5F5368C-9BF4-4607-AE2A-B306EF1EC473}.Debug|Any CPU.ActiveCfg = Debug|Any CPU
		{C5F5368C-9BF4-4607-AE2A-B306EF1EC473}.Debug|Any CPU.Build.0 = Debug|Any CPU
		{C5F5368C-9BF4-4607-AE2A-B306EF1EC473}.Release|Any CPU.ActiveCfg = Release|Any CPU
		{C5F5368C-9BF4-4607-AE2A-B306EF1EC473}.Release|Any CPU.Build.0 = Release|Any CPU
	EndGlobalSection
EndGlobal
